
Microsoft Visual Studio Solution File, Format Version 12.00
# Visual Studio Version 16
VisualStudioVersion = 16.0.32228.343
MinimumVisualStudioVersion = 10.0.40219.1
Project("{FAE04EC0-301F-11D3-BF4B-00C04F79EFBC}") = "SuisHack", "SuisHack.csproj", "{D8F834C8-2B43-49F6-88F5-AFE5873B8972}"
EndProject
Global
	GlobalSection(SolutionConfigurationPlatforms) = preSolution
		Debug|Any CPU = Debug|Any CPU
		Release|Any CPU = Release|Any CPU
	EndGlobalSection
	GlobalSection(ProjectConfigurationPlatforms) = postSolution
		{D8F834C8-2B43-49F6-88F5-AFE5873B8972}.Debug|Any CPU.ActiveCfg = Debug|Any CPU
		{D8F834C8-2B43-49F6-88F5-AFE5873B8972}.Debug|Any CPU.Build.0 = Debug|Any CPU
		{D8F834C8-2B43-49F6-88F5-AFE5873B8972}.Release|Any CPU.ActiveCfg = Release|Any CPU
		{D8F834C8-2B43-49F6-88F5-AFE5873B8972}.Release|Any CPU.Build.0 = Release|Any CPU
	EndGlobalSection
	GlobalSection(SolutionProperties) = preSolution
		HideSolutionNode = FALSE
	EndGlobalSection
	GlobalSection(ExtensibilityGlobals) = postSolution
		SolutionGuid = {21B42C29-3887-47AD-9EA2-32B5740E75C7}
	EndGlobalSection
EndGlobal
