
Microsoft Visual Studio Solution File, Format Version 12.00
# Visual Studio Version 17
VisualStudioVersion = 17.7.34202.233
MinimumVisualStudioVersion = 10.0.40219.1
Project("{FAE04EC0-301F-11D3-BF4B-00C04F79EFBC}") = "SuisHack", "SuisHack.csproj", "{B344E69C-7C48-4ACE-A753-8EDE330A412A}"
EndProject
Global
	GlobalSection(SolutionConfigurationPlatforms) = preSolution
		Debug|Any CPU = Debug|Any CPU
		Release|Any CPU = Release|Any CPU
	EndGlobalSection
	GlobalSection(ProjectConfigurationPlatforms) = postSolution
		{B344E69C-7C48-4ACE-A753-8EDE330A412A}.Debug|Any CPU.ActiveCfg = Debug|Any CPU
		{B344E69C-7C48-4ACE-A753-8EDE330A412A}.Debug|Any CPU.Build.0 = Debug|Any CPU
		{B344E69C-7C48-4ACE-A753-8EDE330A412A}.Release|Any CPU.ActiveCfg = Release|Any CPU
		{B344E69C-7C48-4ACE-A753-8EDE330A412A}.Release|Any CPU.Build.0 = Release|Any CPU
	EndGlobalSection
	GlobalSection(SolutionProperties) = preSolution
		HideSolutionNode = FALSE
	EndGlobalSection
	GlobalSection(ExtensibilityGlobals) = postSolution
		SolutionGuid = {48BAF355-71C9-493B-94FB-14535D1B9740}
	EndGlobalSection
EndGlobal
